
Microsoft Visual Studio Solution File, Format Version 12.00
# Visual Studio Version 17
VisualStudioVersion = 17.10.34928.147
MinimumVisualStudioVersion = 10.0.40219.1
Project("{FAE04EC0-301F-11D3-BF4B-00C04F79EFBC}") = "community-portal-calendar-api", "community-portal-calendar-api\community-portal-calendar-api.csproj", "{45938243-DC96-4699-B60C-5FAD91D54CB4}"
EndProject
Global
	GlobalSection(SolutionConfigurationPlatforms) = preSolution
		Debug|Any CPU = Debug|Any CPU
		Release|Any CPU = Release|Any CPU
	EndGlobalSection
	GlobalSection(ProjectConfigurationPlatforms) = postSolution
		{45938243-DC96-4699-B60C-5FAD91D54CB4}.Debug|Any CPU.ActiveCfg = Debug|Any CPU
		{45938243-DC96-4699-B60C-5FAD91D54CB4}.Debug|Any CPU.Build.0 = Debug|Any CPU
		{45938243-DC96-4699-B60C-5FAD91D54CB4}.Release|Any CPU.ActiveCfg = Release|Any CPU
		{45938243-DC96-4699-B60C-5FAD91D54CB4}.Release|Any CPU.Build.0 = Release|Any CPU
	EndGlobalSection
	GlobalSection(SolutionProperties) = preSolution
		HideSolutionNode = FALSE
	EndGlobalSection
	GlobalSection(ExtensibilityGlobals) = postSolution
		SolutionGuid = {E9DC7241-9C9E-4A84-96D8-7057556826F2}
	EndGlobalSection
EndGlobal
